
Microsoft Visual Studio Solution File, Format Version 12.00
# Visual Studio Version 16
VisualStudioVersion = 16.0.29025.244
MinimumVisualStudioVersion = 10.0.40219.1
Project("{9A19103F-16F7-4668-BE54-9A1E7A4F7556}") = "Radical.Windows", "Radical.Windows\Radical.Windows.csproj", "{600DFD64-572A-44A2-BE7D-5CF9C2428DEC}"
EndProject
Project("{9A19103F-16F7-4668-BE54-9A1E7A4F7556}") = "Radical.Windows.Tests", "Radical.Windows.Tests\Radical.Windows.Tests.csproj", "{20FC6C18-4C37-4BAE-9482-B77B4664D058}"
EndProject
Global
	GlobalSection(SolutionConfigurationPlatforms) = preSolution
		Debug|Any CPU = Debug|Any CPU
		Release|Any CPU = Release|Any CPU
	EndGlobalSection
	GlobalSection(ProjectConfigurationPlatforms) = postSolution
		{600DFD64-572A-44A2-BE7D-5CF9C2428DEC}.Debug|Any CPU.ActiveCfg = Debug|Any CPU
		{600DFD64-572A-44A2-BE7D-5CF9C2428DEC}.Debug|Any CPU.Build.0 = Debug|Any CPU
		{600DFD64-572A-44A2-BE7D-5CF9C2428DEC}.Release|Any CPU.ActiveCfg = Release|Any CPU
		{600DFD64-572A-44A2-BE7D-5CF9C2428DEC}.Release|Any CPU.Build.0 = Release|Any CPU
		{20FC6C18-4C37-4BAE-9482-B77B4664D058}.Debug|Any CPU.ActiveCfg = Debug|Any CPU
		{20FC6C18-4C37-4BAE-9482-B77B4664D058}.Debug|Any CPU.Build.0 = Debug|Any CPU
		{20FC6C18-4C37-4BAE-9482-B77B4664D058}.Release|Any CPU.ActiveCfg = Release|Any CPU
		{20FC6C18-4C37-4BAE-9482-B77B4664D058}.Release|Any CPU.Build.0 = Release|Any CPU
	EndGlobalSection
	GlobalSection(SolutionProperties) = preSolution
		HideSolutionNode = FALSE
	EndGlobalSection
	GlobalSection(ExtensibilityGlobals) = postSolution
		EnterpriseLibraryConfigurationToolBinariesPath = packages\Unity.2.1.505.2\lib\NET35
		SolutionGuid = {169E928A-D6BD-4608-A068-3B8AAB88B19D}
	EndGlobalSection
EndGlobal
